
Microsoft Visual Studio Solution File, Format Version 12.00
# Visual Studio Version 17
VisualStudioVersion = 17.14.36511.14 d17.14
MinimumVisualStudioVersion = 10.0.40219.1
Project("{FAE04EC0-301F-11D3-BF4B-00C04F79EFBC}") = "FlowDesk", "FlowDesk.csproj", "{4838C6B2-DD5D-442B-B99A-372AB99F98C6}"
EndProject
Project("{FAE04EC0-301F-11D3-BF4B-00C04F79EFBC}") = "FlowDesk.CharacterizationTests", "tests\FlowDesk.CharacterizationTests\FlowDesk.CharacterizationTests.csproj", "{AEEA9272-B89E-4B5A-A04A-1236690B9A82}"
EndProject
Global
	GlobalSection(SolutionConfigurationPlatforms) = preSolution
		Debug|Any CPU = Debug|Any CPU
		Release|Any CPU = Release|Any CPU
	EndGlobalSection
	GlobalSection(ProjectConfigurationPlatforms) = postSolution
		{4838C6B2-DD5D-442B-B99A-372AB99F98C6}.Debug|Any CPU.ActiveCfg = Debug|Any CPU
		{4838C6B2-DD5D-442B-B99A-372AB99F98C6}.Debug|Any CPU.Build.0 = Debug|Any CPU
		{4838C6B2-DD5D-442B-B99A-372AB99F98C6}.Release|Any CPU.ActiveCfg = Release|Any CPU
		{4838C6B2-DD5D-442B-B99A-372AB99F98C6}.Release|Any CPU.Build.0 = Release|Any CPU
		{AEEA9272-B89E-4B5A-A04A-1236690B9A82}.Debug|Any CPU.ActiveCfg = Debug|Any CPU
		{AEEA9272-B89E-4B5A-A04A-1236690B9A82}.Debug|Any CPU.Build.0 = Debug|Any CPU
		{AEEA9272-B89E-4B5A-A04A-1236690B9A82}.Release|Any CPU.ActiveCfg = Release|Any CPU
		{AEEA9272-B89E-4B5A-A04A-1236690B9A82}.Release|Any CPU.Build.0 = Release|Any CPU
	EndGlobalSection
	GlobalSection(SolutionProperties) = preSolution
		HideSolutionNode = FALSE
	EndGlobalSection
	GlobalSection(ExtensibilityGlobals) = postSolution
		SolutionGuid = {22858D51-7881-4341-A4D9-7110D6022FB4}
	EndGlobalSection
EndGlobal
